# This file is automatically @generated by Cargo.
# It is not intended for manual editing.
version = 4

[[package]]
name = "addr2line"
version = "0.26.1"
source = "registry+https://github.com/rust-lang/crates.io-index"
checksum = "59317f77929f0e679d39364702289274de2f0f0b22cbf50b2b8cff2169a0b27a"
dependencies = [
 "gimli",
]

[[package]]
name = "allocator-api2"
version = "0.2.21"
source = "registry+https://github.com/rust-lang/crates.io-index"
checksum = "683d7910e743518b0e34f1186f92494becacb047c7b6bf616c96772180fef923"

[[package]]
name = "anyhow"
version = "1.0.104"
source = "registry+https://github.com/rust-lang/crates.io-index"
checksum = "330a5ed07fa54e4702c9d6c4174f74427fc0ef6e214bbd677ae50a5099946470"

[[package]]
name = "arbitrary"
version = "1.4.2"
source = "registry+https://github.com/rust-lang/crates.io-index"
checksum = "c3d036a3c4ab069c7b410a2ce876bd74808d2d0888a82667669f8e783a898bf1"

[[package]]
name = "arrayref"
version = "0.3.9"
source = "registry+https://github.com/rust-lang/crates.io-index"
checksum = "76a2e8124351fda1ef8aaaa3bbd7ebbcb486bbcd4225aca0aa0d84bb2db8fecb"

[[package]]
name = "arrayvec"
version = "0.7.8"
source = "registry+https://github.com/rust-lang/crates.io-index"
checksum = "d3fb67a6e08acf24fdeccbac2cb6ac4305825bd1f117462e0e6f2f193345ad56"

[[package]]
name = "async-trait"
version = "0.1.91"
source = "registry+https://github.com/rust-lang/crates.io-index"
checksum = "ae36dc4177970ef04fde5178d3e2429882def40e57a451f919c098f72baa6cec"
dependencies = [
 "proc-macro2",
 "quote",
 "syn 3.0.3",
]

[[package]]
name = "autocfg"
version = "1.5.1"
source = "registry+https://github.com/rust-lang/crates.io-index"
checksum = "f2032f911046de80f0a198e0901378627c33f59ea0ac00e363d481118bd70a53"

[[package]]
name = "base64ct"
version = "1.8.3"
source = "registry+https://github.com/rust-lang/crates.io-index"
checksum = "2af50177e190e07a26ab74f8b1efbfe2ef87da2116221318cb1c2e82baf7de06"

[[package]]
name = "bitflags"
version = "2.13.1"
source = "registry+https://github.com/rust-lang/crates.io-index"
checksum = "b588b76d00fde79687d7646a9b5bdf3cc0f655e0bbd080335a95d7e96f3587da"

[[package]]
name = "blake3"
version = "1.8.5"
source = "registry+https://github.com/rust-lang/crates.io-index"
checksum = "0aa83c34e62843d924f905e0f5c866eb1dd6545fc4d719e803d9ba6030371fce"
dependencies = [
 "arrayref",
 "arrayvec",
 "cc",
 "cfg-if",
 "constant_time_eq",
 "cpufeatures 0.3.0",
]

[[package]]
name = "block-buffer"
version = "0.10.4"
source = "registry+https://github.com/rust-lang/crates.io-index"
checksum = "3078c7629b62d3f0439517fa394996acacc5cbc91c5a20d8c658e77abd503a71"
dependencies = [
 "generic-array",
]

[[package]]
name = "bumpalo"
version = "3.20.3"
source = "registry+https://github.com/rust-lang/crates.io-index"
checksum = "72f5acc6cb2ba439de613abc23857ec3d78374d8ed5ac84e9d11336e87da8649"
dependencies = [
 "allocator-api2",
]

[[package]]
name = "bytes"
version = "1.12.1"
source = "registry+https://github.com/rust-lang/crates.io-index"
checksum = "fc652a48c352aef3ea3aed32080501cf3ef6ed5da78602a020c991775b0aff04"

[[package]]
name = "cast"
version = "0.3.0"
source = "registry+https://github.com/rust-lang/crates.io-index"
checksum = "37b2a672a2cb129a2e41c10b1224bb368f9f37a2b16b612598138befd7b37eb5"

[[package]]
name = "cc"
version = "1.4.0"
source = "registry+https://github.com/rust-lang/crates.io-index"
checksum = "5add81bb678e6cb321aff7fa0dc7689ad82b112dbc032cea19f91d6b8e3582b9"
dependencies = [
 "find-msvc-tools",
 "shlex",
]

[[package]]
name = "cfg-if"
version = "1.0.4"
source = "registry+https://github.com/rust-lang/crates.io-index"
checksum = "9330f8b2ff13f34540b44e946ef35111825727b38d33286ef986142615121801"

[[package]]
name = "cobs"
version = "0.3.0"
source = "registry+https://github.com/rust-lang/crates.io-index"
checksum = "0fa961b519f0b462e3a3b4a34b64d119eeaca1d59af726fe450bbba07a9fc0a1"
dependencies = [
 "thiserror",
]

[[package]]
name = "const-oid"
version = "0.9.6"
source = "registry+https://github.com/rust-lang/crates.io-index"
checksum = "c2459377285ad874054d797f3ccebf984978aa39129f6eafde5cdc8315b612f8"

[[package]]
name = "constant_time_eq"
version = "0.4.2"
source = "registry+https://github.com/rust-lang/crates.io-index"
checksum = "3d52eff69cd5e647efe296129160853a42795992097e8af39800e1060caeea9b"

[[package]]
name = "covalence-bin-nucleus"
version = "0.0.0"
dependencies = [
 "covalence-repl",
]

[[package]]
name = "covalence-data-basic"
version = "0.0.0"

[[package]]
name = "covalence-data-container"
version = "0.0.0"

[[package]]
name = "covalence-hol-proof-guest-beta"
version = "0.0.0"
dependencies = [
 "wit-bindgen",
]

[[package]]
name = "covalence-hol-proof-guest-conversions"
version = "0.0.0"
dependencies = [
 "wit-bindgen",
]

[[package]]
name = "covalence-hol-proof-guest-eta"
version = "0.0.0"
dependencies = [
 "wit-bindgen",
]

[[package]]
name = "covalence-hol-proof-guest-schematic-binding"
version = "0.0.0"
dependencies = [
 "wit-bindgen",
]

[[package]]
name = "covalence-lib-crypto"
version = "0.0.0"
dependencies = [
 "ed25519-dalek",
]

[[package]]
name = "covalence-lib-error"
version = "0.0.0"
dependencies = [
 "miette",
 "snafu",
]

[[package]]
name = "covalence-lib-hash"
version = "0.0.0"
dependencies = [
 "blake3",
 "covalence-lib-error",
 "covalence-lib-rand",
 "sha1",
 "sha2",
]

[[package]]
name = "covalence-lib-rand"
version = "0.0.0"
dependencies = [
 "getrandom 0.3.4",
 "rand",
 "wasm-bindgen-test",
]

[[package]]
name = "covalence-lib-sqlite"
version = "0.0.0"
dependencies = [
 "bitflags",
 "indexmap",
 "rusqlite",
]

[[package]]
name = "covalence-neutron"
version = "0.0.0"
dependencies = [
 "bytes",
 "covalence-lib-error",
 "covalence-lib-sqlite",
]

[[package]]
name = "covalence-nucleus"
version = "0.0.0"
dependencies = [
 "bytes",
 "covalence-lib-crypto",
 "covalence-lib-error",
 "covalence-lib-hash",
 "covalence-lib-rand",
 "covalence-lib-sqlite",
 "covalence-neutron",
 "wit-bindgen-rt",
]

[[package]]
name = "covalence-proton"
version = "0.0.0"
dependencies = [
 "wasmtime",
]

[[package]]
name = "covalence-repl"
version = "0.0.0"
dependencies = [
 "covalence-lib-crypto",
 "covalence-lib-hash",
 "covalence-lib-rand",
 "covalence-lib-sqlite",
 "covalence-neutron",
 "covalence-nucleus",
 "covalence-proton",
 "wasm-bindgen",
]

[[package]]
name = "cpp_demangle"
version = "0.4.5"
source = "registry+https://github.com/rust-lang/crates.io-index"
checksum = "f2bb79cb74d735044c972aae58ed0aaa9a837e85b01106a54c39e42e97f62253"
dependencies = [
 "cfg-if",
]

[[package]]
name = "cpufeatures"
version = "0.2.17"
source = "registry+https://github.com/rust-lang/crates.io-index"
checksum = "59ed5838eebb26a2bb2e58f6d5b5316989ae9d08bab10e0e6d103e656d1b0280"
dependencies = [
 "libc",
]

[[package]]
name = "cpufeatures"
version = "0.3.0"
source = "registry+https://github.com/rust-lang/crates.io-index"
checksum = "8b2a41393f66f16b0823bb79094d54ac5fbd34ab292ddafb9a0456ac9f87d201"
dependencies = [
 "libc",
]

[[package]]
name = "cranelift-assembler-x64"
version = "0.133.2"
source = "registry+https://github.com/rust-lang/crates.io-index"
checksum = "47ca6361f42d0c945fadc1103501e1c07438e034fd5a86896a3074eff3e860bd"
dependencies = [
 "cranelift-assembler-x64-meta",
]

[[package]]
name = "cranelift-assembler-x64-meta"
version = "0.133.2"
source = "registry+https://github.com/rust-lang/crates.io-index"
checksum = "2c1dbc96db7cebf747bd5722d482338a5acff91d6be43b6bec145f9471327ffa"
dependencies = [
 "cranelift-srcgen",
]

[[package]]
name = "cranelift-bforest"
version = "0.133.1"
source = "registry+https://github.com/rust-lang/crates.io-index"
checksum = "03b4982ef9fa54ec9eee841e891e7ddc5434be1250e88de31572e000c888f30b"
dependencies = [
 "cranelift-entity",
 "wasmtime-internal-core",
]

[[package]]
name = "cranelift-bitset"
version = "0.133.1"
source = "registry+https://github.com/rust-lang/crates.io-index"
checksum = "529143118c4eeb58c39ecb02319557d512be6c61348486422974ab8e3906b8a8"
dependencies = [
 "serde",
 "serde_derive",
 "wasmtime-internal-core",
]

[[package]]
name = "cranelift-codegen"
version = "0.133.1"
source = "registry+https://github.com/rust-lang/crates.io-index"
checksum = "b7780677247ad3577e3a6a3ebf43f39b325a11d6393db72b2c9968a910d4d13d"
dependencies = [
 "bumpalo",
 "cranelift-assembler-x64",
 "cranelift-bforest",
 "cranelift-bitset",
 "cranelift-codegen-meta",
 "cranelift-codegen-shared",
 "cranelift-control",
 "cranelift-entity",
 "cranelift-isle",
 "gimli",
 "hashbrown 0.17.1",
 "libm",
 "log",
 "postcard",
 "pulley-interpreter",
 "regalloc2",
 "rustc-hash",
 "serde",
 "serde_derive",
 "sha2",
 "smallvec",
 "target-lexicon",
 "wasmtime-internal-core",
]

[[package]]
name = "cranelift-codegen-meta"
version = "0.133.1"
source = "registry+https://github.com/rust-lang/crates.io-index"
checksum = "ac9645250416cbf92454fe61160e17e026e0ce405906a54500b114f923ddffc9"
dependencies = [
 "cranelift-assembler-x64-meta",
 "cranelift-codegen-shared",
 "cranelift-srcgen",
 "heck",
 "pulley-interpreter",
]

[[package]]
name = "cranelift-codegen-shared"
version = "0.133.2"
source = "registry+https://github.com/rust-lang/crates.io-index"
checksum = "584bd91987927dfe35e79c5d6dd52a117cb64c4fce26df881d02dcc17bd59a8f"

[[package]]
name = "cranelift-control"
version = "0.133.2"
source = "registry+https://github.com/rust-lang/crates.io-index"
checksum = "af277352af76db01bb42fa4978b672a44406715798edb693cc02e363e12dc505"
dependencies = [
 "arbitrary",
]

[[package]]
name = "cranelift-entity"
version = "0.133.1"
source = "registry+https://github.com/rust-lang/crates.io-index"
checksum = "a5300c49cf940526fe771517b3b3eabd5d0ff164ee61698579cf403fe8d3af3c"
dependencies = [
 "cranelift-bitset",
 "serde",
 "serde_derive",
 "wasmtime-internal-core",
]

[[package]]
name = "cranelift-frontend"
version = "0.133.1"
source = "registry+https://github.com/rust-lang/crates.io-index"
checksum = "da4adbf760207fdbbe130f1191cce01cdef66831a9f648b1f39ff2800d126d45"
dependencies = [
 "cranelift-codegen",
 "hashbrown 0.17.1",
 "log",
 "smallvec",
 "target-lexicon",
]

[[package]]
name = "cranelift-isle"
version = "0.133.1"
source = "registry+https://github.com/rust-lang/crates.io-index"
checksum = "8315b21ff018226a42a60a4702c2dd75f6447cac26e9bca622e14c22088c2ff5"

[[package]]
name = "cranelift-native"
version = "0.133.1"
source = "registry+https://github.com/rust-lang/crates.io-index"
checksum = "d506ef23a60715bde451b06620b14402166ded3b648454fccbf04f3e46a4aa70"
dependencies = [
 "cranelift-codegen",
 "libc",
 "target-lexicon",
]

[[package]]
name = "cranelift-srcgen"
version = "0.133.2"
source = "registry+https://github.com/rust-lang/crates.io-index"
checksum = "6bd75e1e2719808c80af27ebe168d2220ec10e519e1d5a52bdbed9bd5cac1a32"

[[package]]
name = "crc32fast"
version = "1.5.0"
source = "registry+https://github.com/rust-lang/crates.io-index"
checksum = "9481c1c90cbf2ac953f07c8d4a58aa3945c425b7185c9154d67a65e4230da511"
dependencies = [
 "cfg-if",
]

[[package]]
name = "crypto-common"
version = "0.1.7"
source = "registry+https://github.com/rust-lang/crates.io-index"
checksum = "78c8292055d1c1df0cce5d180393dc8cce0abec0a7102adb6c7b1eef6016d60a"
dependencies = [
 "generic-array",
 "typenum",
]

[[package]]
name = "curve25519-dalek"
version = "4.1.3"
source = "registry+https://github.com/rust-lang/crates.io-index"
checksum = "97fb8b7c4503de7d6ae7b42ab72a5a59857b4c937ec27a3d4539dba95b5ab2be"
dependencies = [
 "cfg-if",
 "cpufeatures 0.2.17",
 "curve25519-dalek-derive",
 "digest",
 "fiat-crypto",
 "rustc_version",
 "subtle",
 "zeroize",
]

[[package]]
name = "curve25519-dalek-derive"
version = "0.1.1"
source = "registry+https://github.com/rust-lang/crates.io-index"
checksum = "f46882e17999c6cc590af592290432be3bce0428cb0d5f8b6715e4dc7b383eb3"
dependencies = [
 "proc-macro2",
 "quote",
 "syn 2.0.119",
]

[[package]]
name = "der"
version = "0.7.10"
source = "registry+https://github.com/rust-lang/crates.io-index"
checksum = "e7c1832837b905bbfb5101e07cc24c8deddf52f93225eee6ead5f4d63d53ddcb"
dependencies = [
 "const-oid",
 "zeroize",
]

[[package]]
name = "digest"
version = "0.10.7"
source = "registry+https://github.com/rust-lang/crates.io-index"
checksum = "9ed9a281f7bc9b7576e61468ba615a66a5c8cfdff42420a70aa82701a3b1e292"
dependencies = [
 "block-buffer",
 "crypto-common",
]

[[package]]
name = "ed25519"
version = "2.2.3"
source = "registry+https://github.com/rust-lang/crates.io-index"
checksum = "115531babc129696a58c64a4fef0a8bf9e9698629fb97e9e40767d235cfbcd53"
dependencies = [
 "pkcs8",
 "signature",
]

[[package]]
name = "ed25519-dalek"
version = "2.2.0"
source = "registry+https://github.com/rust-lang/crates.io-index"
checksum = "70e796c081cee67dc755e1a36a0a172b897fab85fc3f6bc48307991f64e4eca9"
dependencies = [
 "curve25519-dalek",
 "ed25519",
 "serde",
 "sha2",
 "subtle",
 "zeroize",
]

[[package]]
name = "either"
version = "1.17.0"
source = "registry+https://github.com/rust-lang/crates.io-index"
checksum = "9e5e8f6c15a24b9a3ee5efec809ccd006d3b30e8b3bb63c39af737c7f87daa1d"

[[package]]
name = "embedded-io"
version = "0.4.0"
source = "registry+https://github.com/rust-lang/crates.io-index"
checksum = "ef1a6892d9eef45c8fa6b9e0086428a2cca8491aca8f787c534a3d6d0bcb3ced"

[[package]]
name = "embedded-io"
version = "0.6.1"
source = "registry+https://github.com/rust-lang/crates.io-index"
checksum = "edd0f118536f44f5ccd48bcb8b111bdc3de888b58c74639dfb034a357d0f206d"

[[package]]
name = "encoding_rs"
version = "0.8.35"
source = "registry+https://github.com/rust-lang/crates.io-index"
checksum = "75030f3c4f45dafd7586dd6780965a8c7e8e285a5ecb86713e63a79c5b2766f3"
dependencies = [
 "cfg-if",
]

[[package]]
name = "equivalent"
version = "1.0.2"
source = "registry+https://github.com/rust-lang/crates.io-index"
checksum = "877a4ace8713b0bcf2a4e7eec82529c029f1d0619886d18145fea96c3ffe5c0f"

[[package]]
name = "errno"
version = "0.3.14"
source = "registry+https://github.com/rust-lang/crates.io-index"
checksum = "39cab71617ae0d63f51a36d69f866391735b51691dbda63cf6f96d042b63efeb"
dependencies = [
 "libc",
 "windows-sys",
]

[[package]]
name = "fallible-iterator"
version = "0.3.0"
source = "registry+https://github.com/rust-lang/crates.io-index"
checksum = "2acce4a10f12dc2fb14a218589d4f1f62ef011b2d0cc4b3cb1bba8e94da14649"

[[package]]
name = "fallible-streaming-iterator"
version = "0.1.9"
source = "registry+https://github.com/rust-lang/crates.io-index"
checksum = "7360491ce676a36bf9bb3c56c1aa791658183a54d2744120f27285738d90465a"

[[package]]
name = "fiat-crypto"
version = "0.2.9"
source = "registry+https://github.com/rust-lang/crates.io-index"
checksum = "28dea519a9695b9977216879a3ebfddf92f1c08c05d984f8996aecd6ecdc811d"

[[package]]
name = "find-msvc-tools"
version = "0.1.9"
source = "registry+https://github.com/rust-lang/crates.io-index"
checksum = "5baebc0774151f905a1a2cc41989300b1e6fbb29aff0ceffa1064fdd3088d582"

[[package]]
name = "fnv"
version = "1.0.7"
source = "registry+https://github.com/rust-lang/crates.io-index"
checksum = "3f9eec918d3f24069decb9af1554cad7c880e2da24a9afd88aca000531ab82c1"

[[package]]
name = "foldhash"
version = "0.2.0"
source = "registry+https://github.com/rust-lang/crates.io-index"
checksum = "77ce24cb58228fbb8aa041425bb1050850ac19177686ea6e0f41a70416f56fdb"

[[package]]
name = "futures"
version = "0.3.33"
source = "registry+https://github.com/rust-lang/crates.io-index"
checksum = "a88cf1f829d945f548cf8fec32c61b1f202b6d93b45848602fc02af4b12ad218"
dependencies = [
 "futures-channel",
 "futures-core",
 "futures-io",
 "futures-sink",
 "futures-task",
 "futures-util",
]

[[package]]
name = "futures-channel"
version = "0.3.33"
source = "registry+https://github.com/rust-lang/crates.io-index"
checksum = "262590f4fe6afeb0bc83be1daa64e52657fe185690a958af7f3ad0e92085c5ae"
dependencies = [
 "futures-core",
 "futures-sink",
]

[[package]]
name = "futures-core"
version = "0.3.33"
source = "registry+https://github.com/rust-lang/crates.io-index"
checksum = "2cd50c473c80f6d7c3670a752354b8e569b1a7cbfdc0419ec88e5edad85e0dc7"

[[package]]
name = "futures-io"
version = "0.3.33"
source = "registry+https://github.com/rust-lang/crates.io-index"
checksum = "4577ecaa3c4f96589d473f679a71b596316f6641bc350038b962a5daf0085d7a"

[[package]]
name = "futures-sink"
version = "0.3.33"
source = "registry+https://github.com/rust-lang/crates.io-index"
checksum = "e34418ac499d6305c2fb5ad0ed2f6ac998c5f8ca209b4510f7f94242c647e307"

[[package]]
name = "futures-task"
version = "0.3.33"
source = "registry+https://github.com/rust-lang/crates.io-index"
checksum = "b231ed28831efb4a61a08580c4bc233ec56bc009f4cd8f52da2c3cb97df0c109"

[[package]]
name = "futures-util"
version = "0.3.33"
source = "registry+https://github.com/rust-lang/crates.io-index"
checksum = "a77a90a256fce34da66415271e30f94ee91c57b04b8a2c042d9cf3220179deaa"
dependencies = [
 "futures-channel",
 "futures-core",
 "futures-io",
 "futures-sink",
 "futures-task",
 "memchr",
 "pin-project-lite",
 "slab",
]

[[package]]
name = "generic-array"
version = "0.14.7"
source = "registry+https://github.com/rust-lang/crates.io-index"
checksum = "85649ca51fd72272d7821adaf274ad91c288277713d9c18820d8499a7ff69e9a"
dependencies = [
 "typenum",
 "version_check",
]

[[package]]
name = "getrandom"
version = "0.2.17"
source = "registry+https://github.com/rust-lang/crates.io-index"
checksum = "ff2abc00be7fca6ebc474524697ae276ad847ad0a6b3faa4bcb027e9a4614ad0"
dependencies = [
 "cfg-if",
 "libc",
 "wasi",
]

[[package]]
name = "getrandom"
version = "0.3.4"
source = "registry+https://github.com/rust-lang/crates.io-index"
checksum = "899def5c37c4fd7b2664648c28120ecec138e4d395b459e5ca34f9cce2dd77fd"
dependencies = [
 "cfg-if",
 "js-sys",
 "libc",
 "r-efi",
 "wasip2",
 "wasm-bindgen",
]

[[package]]
name = "gimli"
version = "0.33.0"
source = "registry+https://github.com/rust-lang/crates.io-index"
checksum = "0bf7f043f89559805f8c7cacc432749b2fa0d0a0a9ee46ce47164ed5ba7f126c"
dependencies = [
 "fnv",
 "hashbrown 0.16.1",
 "indexmap",
 "stable_deref_trait",
]

[[package]]
name = "hashbrown"
version = "0.16.1"
source = "registry+https://github.com/rust-lang/crates.io-index"
checksum = "841d1cc9bed7f9236f321df977030373f4a4163ae1a7dbfe1a51a2c1a51d9100"
dependencies = [
 "foldhash",
]

[[package]]
name = "hashbrown"
version = "0.17.1"
source = "registry+https://github.com/rust-lang/crates.io-index"
checksum = "ed5909b6e89a2db4456e54cd5f673791d7eca6732202bbf2a9cc504fe2f9b84a"
dependencies = [
 "foldhash",
 "serde",
 "serde_core",
]

[[package]]
name = "hashlink"
version = "0.12.1"
source = "registry+https://github.com/rust-lang/crates.io-index"
checksum = "32069d97bb81e38fa67eab65e3393bf804bb85969f2bc06bf13f64aef5aba248"
dependencies = [
 "hashbrown 0.17.1",
]

[[package]]
name = "heck"
version = "0.5.0"
source = "registry+https://github.com/rust-lang/crates.io-index"
checksum = "2304e00983f87ffb38b55b444b5e3b60a884b5d30c0fca7d82fe33449bbe55ea"

[[package]]
name = "id-arena"
version = "2.3.0"
source = "registry+https://github.com/rust-lang/crates.io-index"
checksum = "3d3067d79b975e8844ca9eb072e16b31c3c1c36928edf9c6789548c524d0d954"

[[package]]
name = "indexmap"
version = "2.14.0"
source = "registry+https://github.com/rust-lang/crates.io-index"
checksum = "d466e9454f08e4a911e14806c24e16fba1b4c121d1ea474396f396069cf949d9"
dependencies = [
 "equivalent",
 "hashbrown 0.17.1",
 "serde",
 "serde_core",
]

[[package]]
name = "itertools"
version = "0.14.0"
source = "registry+https://github.com/rust-lang/crates.io-index"
checksum = "2b192c782037fadd9cfa75548310488aabdbf3d2da73885b31bd0abd03351285"
dependencies = [
 "either",
]

[[package]]
name = "itoa"
version = "1.0.18"
source = "registry+https://github.com/rust-lang/crates.io-index"
checksum = "8f42a60cbdf9a97f5d2305f08a87dc4e09308d1276d28c869c684d7777685682"

[[package]]
name = "js-sys"
version = "0.3.98"
source = "registry+https://github.com/rust-lang/crates.io-index"
checksum = "67df7112613f8bfd9150013a0314e196f4800d3201ae742489d999db2f979f08"
dependencies = [
 "cfg-if",
 "futures-util",
 "once_cell",
 "wasm-bindgen",
]

[[package]]
name = "leb128fmt"
version = "0.1.0"
source = "registry+https://github.com/rust-lang/crates.io-index"
checksum = "09edd9e8b54e49e587e4f6295a7d29c3ea94d469cb40ab8ca70b288248a81db2"

[[package]]
name = "libc"
version = "0.2.189"
source = "registry+https://github.com/rust-lang/crates.io-index"
checksum = "3eaf3ede3fee6db1a4c2ee091bf8a8b4dccdc6d17f656fb07896ee72867612f2"

[[package]]
name = "libm"
version = "0.2.16"
source = "registry+https://github.com/rust-lang/crates.io-index"
checksum = "b6d2cec3eae94f9f509c767b45932f1ada8350c4bdb85af2fcab4a3c14807981"

[[package]]
name = "libsqlite3-sys"
version = "0.38.1"
source = "registry+https://github.com/rust-lang/crates.io-index"
checksum = "f6c19a05435c21ac299d71b6a9c13db3e3f47c520517d58990a462a1397a61db"
dependencies = [
 "cc",
 "pkg-config",
 "vcpkg",
]

[[package]]
name = "linux-raw-sys"
version = "0.12.1"
source = "registry+https://github.com/rust-lang/crates.io-index"
checksum = "32a66949e030da00e8c7d4434b251670a91556f4144941d37452769c25d58a53"

[[package]]
name = "log"
version = "0.4.33"
source = "registry+https://github.com/rust-lang/crates.io-index"
checksum = "0ceec5bc11778974d1bcb055b18002eba7f4b3518b6a0081b3af5f21666da9ad"

[[package]]
name = "mach2"
version = "0.6.0"
source = "registry+https://github.com/rust-lang/crates.io-index"
checksum = "dae608c151f68243f2b000364e1f7b186d9c29845f7d2d85bd31b9ad77ad552b"

[[package]]
name = "macro-string"
version = "0.2.0"
source = "registry+https://github.com/rust-lang/crates.io-index"
checksum = "59a9dbbfc75d2688ed057456ce8a3ee3f48d12eec09229f560f3643b9f275653"
dependencies = [
 "proc-macro2",
 "quote",
 "syn 2.0.119",
]

[[package]]
name = "memchr"
version = "2.8.3"
source = "registry+https://github.com/rust-lang/crates.io-index"
checksum = "cf8baf1c55e62ffcace7a9f06f4bd9cd3f0c4beb022d3b367256b91b87513d98"

[[package]]
name = "memfd"
version = "0.6.5"
source = "registry+https://github.com/rust-lang/crates.io-index"
checksum = "ad38eb12aea514a0466ea40a80fd8cc83637065948eb4a426e4aa46261175227"
dependencies = [
 "rustix",
]

[[package]]
name = "miette"
version = "7.6.0"
source = "registry+https://github.com/rust-lang/crates.io-index"
checksum = "5f98efec8807c63c752b5bd61f862c165c115b0a35685bdcfd9238c7aeb592b7"
dependencies = [
 "cfg-if",
 "miette-derive",
 "unicode-width",
]

[[package]]
name = "miette-derive"
version = "7.6.0"
source = "registry+https://github.com/rust-lang/crates.io-index"
checksum = "db5b29714e950dbb20d5e6f74f9dcec4edbcc1067bb7f8ed198c097b8c1a818b"
dependencies = [
 "proc-macro2",
 "quote",
 "syn 2.0.119",
]

[[package]]
name = "minicov"
version = "0.3.8"
source = "registry+https://github.com/rust-lang/crates.io-index"
checksum = "4869b6a491569605d66d3952bcdf03df789e5b536e5f0cf7758a7f08a55ae24d"
dependencies = [
 "cc",
 "walkdir",
]

[[package]]
name = "nu-ansi-term"
version = "0.50.3"
source = "registry+https://github.com/rust-lang/crates.io-index"
checksum = "7957b9740744892f114936ab4a57b3f487491bbeafaf8083688b16841a4240e5"
dependencies = [
 "windows-sys",
]

[[package]]
name = "num-traits"
version = "0.2.19"
source = "registry+https://github.com/rust-lang/crates.io-index"
checksum = "071dfc062690e90b734c0b2273ce72ad0ffa95f0c74596bc250dcfd960262841"
dependencies = [
 "autocfg",
 "libm",
]

[[package]]
name = "object"
version = "0.39.1"
source = "registry+https://github.com/rust-lang/crates.io-index"
checksum = "2e5a6c098c7a3b6547378093f5cc30bc54fd361ce711e05293a5cc589562739b"
dependencies = [
 "crc32fast",
 "hashbrown 0.17.1",
 "indexmap",
 "memchr",
]

[[package]]
name = "once_cell"
version = "1.21.4"
source = "registry+https://github.com/rust-lang/crates.io-index"
checksum = "9f7c3e4beb33f85d45ae3e3a1792185706c8e16d043238c593331cc7cd313b50"

[[package]]
name = "oorandom"
version = "11.1.5"
source = "registry+https://github.com/rust-lang/crates.io-index"
checksum = "d6790f58c7ff633d8771f42965289203411a5e5c68388703c06e14f24770b41e"

[[package]]
name = "pin-project-lite"
version = "0.2.17"
source = "registry+https://github.com/rust-lang/crates.io-index"
checksum = "a89322df9ebe1c1578d689c92318e070967d1042b512afbe49518723f4e6d5cd"

[[package]]
name = "pkcs8"
version = "0.10.2"
source = "registry+https://github.com/rust-lang/crates.io-index"
checksum = "f950b2377845cebe5cf8b5165cb3cc1a5e0fa5cfa3e1f7f55707d8fd82e0a7b7"
dependencies = [
 "der",
 "spki",
]

[[package]]
name = "pkg-config"
version = "0.3.33"
source = "registry+https://github.com/rust-lang/crates.io-index"
checksum = "19f132c84eca552bf34cab8ec81f1c1dcc229b811638f9d283dceabe58c5569e"

[[package]]
name = "postcard"
version = "1.1.3"
source = "registry+https://github.com/rust-lang/crates.io-index"
checksum = "6764c3b5dd454e283a30e6dfe78e9b31096d9e32036b5d1eaac7a6119ccb9a24"
dependencies = [
 "cobs",
 "embedded-io 0.4.0",
 "embedded-io 0.6.1",
 "serde",
]

[[package]]
name = "ppv-lite86"
version = "0.2.21"
source = "registry+https://github.com/rust-lang/crates.io-index"
checksum = "85eae3c4ed2f50dcfe72643da4befc30deadb458a9b590d720cde2f2b1e97da9"
dependencies = [
 "zerocopy",
]

[[package]]
name = "prettyplease"
version = "0.2.37"
source = "registry+https://github.com/rust-lang/crates.io-index"
checksum = "479ca8adacdd7ce8f1fb39ce9ecccbfe93a3f1344b3d0d97f20bc0196208f62b"
dependencies = [
 "proc-macro2",
 "syn 2.0.119",
]

[[package]]
name = "proc-macro2"
version = "1.0.107"
source = "registry+https://github.com/rust-lang/crates.io-index"
checksum = "985e7ec9bb745e6ce6535b544d84d6cd6f7ad8bd711c398938ae983b91a766d9"
dependencies = [
 "unicode-ident",
]

[[package]]
name = "pulley-interpreter"
version = "46.0.1"
source = "registry+https://github.com/rust-lang/crates.io-index"
checksum = "38b92604caae1a1899b6a5b54967289dd538177c626004c91accf9d0ec7e4a12"
dependencies = [
 "cranelift-bitset",
 "log",
 "pulley-macros",
 "wasmtime-internal-core",
]

[[package]]
name = "pulley-macros"
version = "46.0.1"
source = "registry+https://github.com/rust-lang/crates.io-index"
checksum = "5a7ac85c0bb3fb351f10d531230aaa5e366b46d7c4e5328e5f02801d6dac1165"
dependencies = [
 "proc-macro2",
 "quote",
 "syn 2.0.119",
]

[[package]]
name = "quote"
version = "1.0.47"
source = "registry+https://github.com/rust-lang/crates.io-index"
checksum = "1fbf4db142a473a8d80c26bbf18454ed458bf8d26c8219c331daecfdbd079001"
dependencies = [
 "proc-macro2",
]

[[package]]
name = "r-efi"
version = "5.3.0"
source = "registry+https://github.com/rust-lang/crates.io-index"
checksum = "69cdb34c158ceb288df11e18b4bd39de994f6657d83847bdffdbd7f346754b0f"

[[package]]
name = "rand"
version = "0.9.5"
source = "registry+https://github.com/rust-lang/crates.io-index"
checksum = "b9ef1d0d795eb7d84685bca4f72f3649f064e6641543d3a8c415898726a57b41"
dependencies = [
 "rand_chacha",
 "rand_core 0.9.5",
]

[[package]]
name = "rand_chacha"
version = "0.9.0"
source = "registry+https://github.com/rust-lang/crates.io-index"
checksum = "d3022b5f1df60f26e1ffddd6c66e8aa15de382ae63b3a0c1bfc0e4d3e3f325cb"
dependencies = [
 "ppv-lite86",
 "rand_core 0.9.5",
]

[[package]]
name = "rand_core"
version = "0.6.4"
source = "registry+https://github.com/rust-lang/crates.io-index"
checksum = "ec0be4795e2f6a28069bec0b5ff3e2ac9bafc99e6a9a7dc3547996c5c816922c"
dependencies = [
 "getrandom 0.2.17",
]

[[package]]
name = "rand_core"
version = "0.9.5"
source = "registry+https://github.com/rust-lang/crates.io-index"
checksum = "76afc826de14238e6e8c374ddcc1fa19e374fd8dd986b0d2af0d02377261d83c"
dependencies = [
 "getrandom 0.3.4",
]

[[package]]
name = "regalloc2"
version = "0.15.2"
source = "registry+https://github.com/rust-lang/crates.io-index"
checksum = "757712e8e61590d6d4f5d563483755538b5aa13467837a3b41cd9832509a7f85"
dependencies = [
 "allocator-api2",
 "bumpalo",
 "hashbrown 0.17.1",
 "log",
 "rustc-hash",
 "serde",
 "smallvec",
]

[[package]]
name = "rsqlite-vfs"
version = "0.1.1"
source = "registry+https://github.com/rust-lang/crates.io-index"
checksum = "c51c9ae4df8a7fba42103df5c621fa3c37eccf3a3c650879e90fc48b11cc192c"
dependencies = [
 "hashbrown 0.16.1",
 "thiserror",
]

[[package]]
name = "rusqlite"
version = "0.40.1"
source = "registry+https://github.com/rust-lang/crates.io-index"
checksum = "11438310b19e3109b6446c33d1ed5e889428cf2e278407bc7896bc4aaea43323"
dependencies = [
 "bitflags",
 "fallible-iterator",
 "fallible-streaming-iterator",
 "hashlink",
 "libsqlite3-sys",
 "smallvec",
 "sqlite-wasm-rs",
]

[[package]]
name = "rustc-demangle"
version = "0.1.28"
source = "registry+https://github.com/rust-lang/crates.io-index"
checksum = "b74b56ffa8bb2830709a538c2cbcae9aa062db0d2a42563bfb09bdaae44020eb"

[[package]]
name = "rustc-hash"
version = "2.1.3"
source = "registry+https://github.com/rust-lang/crates.io-index"
checksum = "6b1e7f9a428571be2dc5bc0505c13fb6bf936822b894ec87abf8a08a4e51742d"

[[package]]
name = "rustc_version"
version = "0.4.1"
source = "registry+https://github.com/rust-lang/crates.io-index"
checksum = "cfcb3a22ef46e85b45de6ee7e79d063319ebb6594faafcf1c225ea92ab6e9b92"
dependencies = [
 "semver",
]

[[package]]
name = "rustix"
version = "1.1.4"
source = "registry+https://github.com/rust-lang/crates.io-index"
checksum = "b6fe4565b9518b83ef4f91bb47ce29620ca828bd32cb7e408f0062e9930ba190"
dependencies = [
 "bitflags",
 "errno",
 "libc",
 "linux-raw-sys",
 "windows-sys",
]

[[package]]
name = "rustversion"
version = "1.0.23"
source = "registry+https://github.com/rust-lang/crates.io-index"
checksum = "cf54715a573b99ac80df0bc206da022bcd442c974952c7b9720069370852e21f"

[[package]]
name = "same-file"
version = "1.0.6"
source = "registry+https://github.com/rust-lang/crates.io-index"
checksum = "93fc1dc3aaa9bfed95e02e6eadabb4baf7e3078b0bd1b4d7b6b0b68378900502"
dependencies = [
 "winapi-util",
]

[[package]]
name = "semver"
version = "1.0.28"
source = "registry+https://github.com/rust-lang/crates.io-index"
checksum = "8a7852d02fc848982e0c167ef163aaff9cd91dc640ba85e263cb1ce46fae51cd"
dependencies = [
 "serde",
 "serde_core",
]

[[package]]
name = "serde"
version = "1.0.229"
source = "registry+https://github.com/rust-lang/crates.io-index"
checksum = "4148590afebada386688f18773da617792bf2ef03ffc1e4cbd2b1d45b023e0ba"
dependencies = [
 "serde_core",
 "serde_derive",
]

[[package]]
name = "serde_core"
version = "1.0.229"
source = "registry+https://github.com/rust-lang/crates.io-index"
checksum = "67dca2c9c51e58a4791a4b1ed58308b39c64224d349a935ab5039aa360942a48"
dependencies = [
 "serde_derive",
]

[[package]]
name = "serde_derive"
version = "1.0.229"
source = "registry+https://github.com/rust-lang/crates.io-index"
checksum = "e7a5d71263a5a7d47b41f6b3f06ba276f10cc18b0931f1799f710578e2309348"
dependencies = [
 "proc-macro2",
 "quote",
 "syn 3.0.3",
]

[[package]]
name = "serde_json"
version = "1.0.151"
source = "registry+https://github.com/rust-lang/crates.io-index"
checksum = "c841b55ecdae098c80dcae9cf767f6f8a0c2cdb3416bbef72181df4d0fe73f14"
dependencies = [
 "itoa",
 "memchr",
 "serde",
 "serde_core",
 "zmij",
]

[[package]]
name = "sha1"
version = "0.10.7"
source = "registry+https://github.com/rust-lang/crates.io-index"
checksum = "a978451301f4db1d02937a4ab3ccce137717b81826e79b7d49ffe3244a13c3b8"
dependencies = [
 "cfg-if",
 "cpufeatures 0.2.17",
 "digest",
]

[[package]]
name = "sha2"
version = "0.10.9"
source = "registry+https://github.com/rust-lang/crates.io-index"
checksum = "a7507d819769d01a365ab707794a4084392c824f54a7a6a7862f8c3d0892b283"
dependencies = [
 "cfg-if",
 "cpufeatures 0.2.17",
 "digest",
]

[[package]]
name = "shlex"
version = "2.0.1"
source = "registry+https://github.com/rust-lang/crates.io-index"
checksum = "f8fadd59c855ef2080decdef8ff161eb6661b86933c9d82e5ba29dc602a55aba"

[[package]]
name = "signature"
version = "2.2.0"
source = "registry+https://github.com/rust-lang/crates.io-index"
checksum = "77549399552de45a898a580c1b41d445bf730df867cc44e6c0233bbc4b8329de"
dependencies = [
 "rand_core 0.6.4",
]

[[package]]
name = "slab"
version = "0.4.12"
source = "registry+https://github.com/rust-lang/crates.io-index"
checksum = "0c790de23124f9ab44544d7ac05d60440adc586479ce501c1d6d7da3cd8c9cf5"

[[package]]
name = "smallvec"
version = "1.15.2"
source = "registry+https://github.com/rust-lang/crates.io-index"
checksum = "8ed6a63f02c8539c91a8685a86f4099661ba3da017932f6ebbea6de3f0fa7c90"
dependencies = [
 "serde",
]

[[package]]
name = "snafu"
version = "0.9.2"
source = "registry+https://github.com/rust-lang/crates.io-index"
checksum = "e45cb604038abb7b926b679887b3226d8d0f23874b66623625a0454be425a4b7"
dependencies = [
 "snafu-derive",
]

[[package]]
name = "snafu-derive"
version = "0.9.2"
source = "registry+https://github.com/rust-lang/crates.io-index"
checksum = "287f59010008f0d7cf5e3b03196d666c1acc46c8d3e9cf34c28a1a7157601e72"
dependencies = [
 "heck",
 "proc-macro2",
 "quote",
 "syn 2.0.119",
]

[[package]]
name = "spki"
version = "0.7.3"
source = "registry+https://github.com/rust-lang/crates.io-index"
checksum = "d91ed6c858b01f942cd56b37a94b3e0a1798290327d1236e4d9cf4eaca44d29d"
dependencies = [
 "base64ct",
 "der",
]

[[package]]
name = "sqlite-wasm-rs"
version = "0.5.5"
source = "registry+https://github.com/rust-lang/crates.io-index"
checksum = "dc3efc0da82635d7e1ced0053bbbfa8c7ab9645d0bf36ceb4f7127bb85315d75"
dependencies = [
 "cc",
 "js-sys",
 "rsqlite-vfs",
 "wasm-bindgen",
]

[[package]]
name = "stable_deref_trait"
version = "1.2.1"
source = "registry+https://github.com/rust-lang/crates.io-index"
checksum = "6ce2be8dc25455e1f91df71bfa12ad37d7af1092ae736f3a6cd0e37bc7810596"

[[package]]
name = "subtle"
version = "2.6.1"
source = "registry+https://github.com/rust-lang/crates.io-index"
checksum = "13c2bddecc57b384dee18652358fb23172facb8a2c51ccc10d74c157bdea3292"

[[package]]
name = "syn"
version = "2.0.119"
source = "registry+https://github.com/rust-lang/crates.io-index"
checksum = "872831b642d1a07999a962a351ed35b955ea2cfc8f3862091e2a240a84f17297"
dependencies = [
 "proc-macro2",
 "quote",
 "unicode-ident",
]

[[package]]
name = "syn"
version = "3.0.3"
source = "registry+https://github.com/rust-lang/crates.io-index"
checksum = "53e9bae58849f64dfa4f5d5ae372c8341f7305f82a3868709269343628b659a3"
dependencies = [
 "proc-macro2",
 "quote",
 "unicode-ident",
]

[[package]]
name = "target-lexicon"
version = "0.13.5"
source = "registry+https://github.com/rust-lang/crates.io-index"
checksum = "adb6935a6f5c20170eeceb1a3835a49e12e19d792f6dd344ccc76a985ca5a6ca"

[[package]]
name = "termcolor"
version = "1.4.1"
source = "registry+https://github.com/rust-lang/crates.io-index"
checksum = "06794f8f6c5c898b3275aebefa6b8a1cb24cd2c6c79397ab15774837a0bc5755"
dependencies = [
 "winapi-util",
]

[[package]]
name = "thiserror"
version = "2.0.19"
source = "registry+https://github.com/rust-lang/crates.io-index"
checksum = "09a43598840e33d5b0331f38c5e30d13bb11c11210a4b58f0d9b18a5a5eefcd9"
dependencies = [
 "thiserror-impl",
]

[[package]]
name = "thiserror-impl"
version = "2.0.19"
source = "registry+https://github.com/rust-lang/crates.io-index"
checksum = "43cbfe0cf76104d42a574802844187e84a305e531ed54455f11fbde0f10541cd"
dependencies = [
 "proc-macro2",
 "quote",
 "syn 3.0.3",
]

[[package]]
name = "typenum"
version = "1.20.1"
source = "registry+https://github.com/rust-lang/crates.io-index"
checksum = "b6f5e870be6c3b371b77fe0ee0bafb859fa4964b4404c27de1d380043c4dda20"

[[package]]
name = "unicode-ident"
version = "1.0.24"
source = "registry+https://github.com/rust-lang/crates.io-index"
checksum = "e6e4313cd5fcd3dad5cafa179702e2b244f760991f45397d14d4ebf38247da75"

[[package]]
name = "unicode-width"
version = "0.1.14"
source = "registry+https://github.com/rust-lang/crates.io-index"
checksum = "7dd6e30e90baa6f72411720665d41d89b9a3d039dc45b8faea1ddd07f617f6af"

[[package]]
name = "unicode-xid"
version = "0.2.6"
source = "registry+https://github.com/rust-lang/crates.io-index"
checksum = "ebc1c04c71510c7f702b52b7c350734c9ff1295c464a03335b00bb84fc54f853"

[[package]]
name = "vcpkg"
version = "0.2.15"
source = "registry+https://github.com/rust-lang/crates.io-index"
checksum = "accd4ea62f7bb7a82fe23066fb0957d48ef677f6eeb8215f372f52e48bb32426"

[[package]]
name = "version_check"
version = "0.9.5"
source = "registry+https://github.com/rust-lang/crates.io-index"
checksum = "0b928f33d975fc6ad9f86c8f283853ad26bdd5b10b7f1542aa2fa15e2289105a"

[[package]]
name = "walkdir"
version = "2.5.0"
source = "registry+https://github.com/rust-lang/crates.io-index"
checksum = "29790946404f91d9c5d06f9874efddea1dc06c5efe94541a7d6863108e3a5e4b"
dependencies = [
 "same-file",
 "winapi-util",
]

[[package]]
name = "wasi"
version = "0.11.1+wasi-snapshot-preview1"
source = "registry+https://github.com/rust-lang/crates.io-index"
checksum = "ccf3ec651a847eb01de73ccad15eb7d99f80485de043efb2f370cd654f4ea44b"

[[package]]
name = "wasip2"
version = "1.0.4+wasi-0.2.12"
source = "registry+https://github.com/rust-lang/crates.io-index"
checksum = "b67efb37e106e55ce722a510d6b5f9c17f083e5fc79afc2badeb12cc313d9487"
dependencies = [
 "wit-bindgen",
]

[[package]]
name = "wasm-bindgen"
version = "0.2.121"
source = "registry+https://github.com/rust-lang/crates.io-index"
checksum = "49ace1d07c165b0864824eee619580c4689389afa9dc9ed3a4c75040d82e6790"
dependencies = [
 "cfg-if",
 "once_cell",
 "rustversion",
 "wasm-bindgen-macro",
 "wasm-bindgen-shared",
]

[[package]]
name = "wasm-bindgen-futures"
version = "0.4.71"
source = "registry+https://github.com/rust-lang/crates.io-index"
checksum = "96492d0d3ffba25305a7dc88720d250b1401d7edca02cc3bcd50633b424673b8"
dependencies = [
 "js-sys",
 "wasm-bindgen",
]

[[package]]
name = "wasm-bindgen-macro"
version = "0.2.121"
source = "registry+https://github.com/rust-lang/crates.io-index"
checksum = "8e68e6f4afd367a562002c05637acb8578ff2dea1943df76afb9e83d177c8578"
dependencies = [
 "quote",
 "wasm-bindgen-macro-support",
]

[[package]]
name = "wasm-bindgen-macro-support"
version = "0.2.121"
source = "registry+https://github.com/rust-lang/crates.io-index"
checksum = "d95a9ec35c64b2a7cb35d3fead40c4238d0940c86d107136999567a4703259f2"
dependencies = [
 "bumpalo",
 "proc-macro2",
 "quote",
 "syn 2.0.119",
 "wasm-bindgen-shared",
]

[[package]]
name = "wasm-bindgen-shared"
version = "0.2.121"
source = "registry+https://github.com/rust-lang/crates.io-index"
checksum = "c4e0100b01e9f0d03189a92b96772a1fb998639d981193d7dbab487302513441"
dependencies = [
 "unicode-ident",
]

[[package]]
name = "wasm-bindgen-test"
version = "0.3.71"
source = "registry+https://github.com/rust-lang/crates.io-index"
checksum = "af5ec93229ad9ccd0a545a516dec76dc276613f278f6a91aa6b463d5b33d42d0"
dependencies = [
 "async-trait",
 "cast",
 "js-sys",
 "libm",
 "minicov",
 "nu-ansi-term",
 "num-traits",
 "oorandom",
 "serde",
 "serde_json",
 "wasm-bindgen",
 "wasm-bindgen-futures",
 "wasm-bindgen-test-macro",
 "wasm-bindgen-test-shared",
]

[[package]]
name = "wasm-bindgen-test-macro"
version = "0.3.71"
source = "registry+https://github.com/rust-lang/crates.io-index"
checksum = "3c81b9fef827e575e0e54431736d1baa0d700315d8c62cfef1f61fa3aad0cbeb"
dependencies = [
 "proc-macro2",
 "quote",
 "syn 2.0.119",
]

[[package]]
name = "wasm-bindgen-test-shared"
version = "0.2.121"
source = "registry+https://github.com/rust-lang/crates.io-index"
checksum = "4f4d8ae7ad5440360e9799dfd42857d126454a88441ddf72d288ef83fa47f527"

[[package]]
name = "wasm-encoder"
version = "0.247.0"
source = "registry+https://github.com/rust-lang/crates.io-index"
checksum = "30b6733b8b91d010a6ac5b0fb237dc46a19650bc4c67db66857e2e787d437204"
dependencies = [
 "leb128fmt",
 "wasmparser 0.247.0",
]

[[package]]
name = "wasm-encoder"
version = "0.251.0"
source = "registry+https://github.com/rust-lang/crates.io-index"
checksum = "5a879a421bd17c528b74721b2abf4c62e8f1d1889c2ba8c3c50d02deaf2ce395"
dependencies = [
 "leb128fmt",
 "wasmparser 0.251.0",
]

[[package]]
name = "wasm-metadata"
version = "0.247.0"
source = "registry+https://github.com/rust-lang/crates.io-index"
checksum = "665fe59e56cc9b419ca6fcca56673e3421d1a5011e3b65caf6b726fd9e041d10"
dependencies = [
 "anyhow",
 "indexmap",
 "wasm-encoder 0.247.0",
 "wasmparser 0.247.0",
]

[[package]]
name = "wasmparser"
version = "0.247.0"
source = "registry+https://github.com/rust-lang/crates.io-index"
checksum = "8e6fb4c2bee46c5ea4d40f8cdb5c131725cd976718ec56f1c8e82fbde5fa2a80"
dependencies = [
 "bitflags",
 "hashbrown 0.17.1",
 "indexmap",
 "semver",
]

[[package]]
name = "wasmparser"
version = "0.251.0"
source = "registry+https://github.com/rust-lang/crates.io-index"
checksum = "437970b35b1a85cfde9c74b2398352d8d653f3bd8e3a3db0c063ea8f5b4b36ff"
dependencies = [
 "bitflags",
 "hashbrown 0.17.1",
 "indexmap",
 "semver",
 "serde",
]

[[package]]
name = "wasmprinter"
version = "0.251.0"
source = "registry+https://github.com/rust-lang/crates.io-index"
checksum = "8798c1a699bd25648b6708eefe94d97c6f9891febb94b42cca1f7a4b086ea64e"
dependencies = [
 "anyhow",
 "termcolor",
 "wasmparser 0.251.0",
]

[[package]]
name = "wasmtime"
version = "46.0.1"
source = "registry+https://github.com/rust-lang/crates.io-index"
checksum = "c4213d2f019a5e44aa8a61d8826dd33a505bff79f749b14a8bafd67321cb9351"
dependencies = [
 "addr2line",
 "async-trait",
 "bitflags",
 "bumpalo",
 "cc",
 "cfg-if",
 "encoding_rs",
 "futures",
 "libc",
 "log",
 "mach2",
 "memfd",
 "object",
 "once_cell",
 "postcard",
 "pulley-interpreter",
 "rustix",
 "semver",
 "serde",
 "serde_derive",
 "smallvec",
 "target-lexicon",
 "wasmparser 0.251.0",
 "wasmtime-environ",
 "wasmtime-internal-component-macro",
 "wasmtime-internal-component-util",
 "wasmtime-internal-core",
 "wasmtime-internal-cranelift",
 "wasmtime-internal-fiber",
 "wasmtime-internal-jit-debug",
 "wasmtime-internal-jit-icache-coherence",
 "wasmtime-internal-unwinder",
 "wasmtime-internal-versioned-export-macros",
 "windows-sys",
]

[[package]]
name = "wasmtime-environ"
version = "46.0.1"
source = "registry+https://github.com/rust-lang/crates.io-index"
checksum = "d45863de41977ec6453e859cf843d456fa3fcb45a659b66d16e794f90ec4f5b7"
dependencies = [
 "anyhow",
 "cpp_demangle",
 "cranelift-bforest",
 "cranelift-bitset",
 "cranelift-entity",
 "gimli",
 "hashbrown 0.17.1",
 "indexmap",
 "log",
 "object",
 "postcard",
 "rustc-demangle",
 "semver",
 "serde",
 "serde_derive",
 "sha2",
 "smallvec",
 "target-lexicon",
 "wasm-encoder 0.251.0",
 "wasmparser 0.251.0",
 "wasmprinter",
 "wasmtime-internal-component-util",
 "wasmtime-internal-core",
]

[[package]]
name = "wasmtime-internal-component-macro"
version = "46.0.1"
source = "registry+https://github.com/rust-lang/crates.io-index"
checksum = "f1e48f8d4966d62a10b6d70722bc432c1e163890be2801d3b5784589ad36ffc3"
dependencies = [
 "anyhow",
 "proc-macro2",
 "quote",
 "syn 2.0.119",
 "wasmtime-internal-component-util",
 "wasmtime-internal-wit-bindgen",
 "wit-parser 0.251.0",
]

[[package]]
name = "wasmtime-internal-component-util"
version = "46.0.1"
source = "registry+https://github.com/rust-lang/crates.io-index"
checksum = "819ad5abd5822a22dbf4014475cdfd1fe790707761cd732d74aaa3ba4d5ba489"

[[package]]
name = "wasmtime-internal-core"
version = "46.0.1"
source = "registry+https://github.com/rust-lang/crates.io-index"
checksum = "3fc28372e36eaf8cf70faa83b5779137f7e99c8d18569a125d1580e735cc9e4d"
dependencies = [
 "hashbrown 0.17.1",
 "libm",
 "serde",
]

[[package]]
name = "wasmtime-internal-cranelift"
version = "46.0.1"
source = "registry+https://github.com/rust-lang/crates.io-index"
checksum = "a433efc6e35112a5457e1dc8bc4d8d39820ac7722267e89bc04e5df641f32124"
dependencies = [
 "cfg-if",
 "cranelift-codegen",
 "cranelift-control",
 "cranelift-entity",
 "cranelift-frontend",
 "cranelift-native",
 "gimli",
 "itertools",
 "log",
 "object",
 "pulley-interpreter",
 "smallvec",
 "target-lexicon",
 "thiserror",
 "wasmparser 0.251.0",
 "wasmtime-environ",
 "wasmtime-internal-core",
 "wasmtime-internal-unwinder",
 "wasmtime-internal-versioned-export-macros",
]

[[package]]
name = "wasmtime-internal-fiber"
version = "46.0.1"
source = "registry+https://github.com/rust-lang/crates.io-index"
checksum = "18a1d3a39d0d210f6b8574ee96a4315e0a14c67f3a1fc3cd5372cb10d2fb4422"
dependencies = [
 "cc",
 "cfg-if",
 "libc",
 "rustix",
 "wasmtime-environ",
 "wasmtime-internal-versioned-export-macros",
 "windows-sys",
]

[[package]]
name = "wasmtime-internal-jit-debug"
version = "46.0.1"
source = "registry+https://github.com/rust-lang/crates.io-index"
checksum = "9f667288cb4dfa68a4639ffac4d5628535dda64ebdc2b990526efb12b30ba803"
dependencies = [
 "cc",
 "wasmtime-internal-versioned-export-macros",
]

[[package]]
name = "wasmtime-internal-jit-icache-coherence"
version = "46.0.1"
source = "registry+https://github.com/rust-lang/crates.io-index"
checksum = "eba651d44ab0faad4c58106b3adb45068189fb65ef50f0c404b6d9e3bf81a357"
dependencies = [
 "cfg-if",
 "libc",
 "wasmtime-internal-core",
 "windows-sys",
]

[[package]]
name = "wasmtime-internal-unwinder"
version = "46.0.1"
source = "registry+https://github.com/rust-lang/crates.io-index"
checksum = "2ecc52563b0558af2a7487eb710de07cc4532564b55528876129238e83118cb1"
dependencies = [
 "cfg-if",
 "cranelift-codegen",
 "log",
 "object",
 "wasmtime-environ",
]

[[package]]
name = "wasmtime-internal-versioned-export-macros"
version = "46.0.1"
source = "registry+https://github.com/rust-lang/crates.io-index"
checksum = "e747f4a074699ba1b4e4d841fb263f9b7df5bd1555181c4752bf5990d21ba676"
dependencies = [
 "proc-macro2",
 "quote",
 "syn 2.0.119",
]

[[package]]
name = "wasmtime-internal-wit-bindgen"
version = "46.0.1"
source = "registry+https://github.com/rust-lang/crates.io-index"
checksum = "80009f46991622814196d96fac6fc0a938f46b5cba737a8f4e21e24e5a03856f"
dependencies = [
 "anyhow",
 "bitflags",
 "heck",
 "indexmap",
 "wit-parser 0.251.0",
]

[[package]]
name = "winapi-util"
version = "0.1.11"
source = "registry+https://github.com/rust-lang/crates.io-index"
checksum = "c2a7b1c03c876122aa43f3020e6c3c3ee5c05081c9a00739faf7503aeba10d22"
dependencies = [
 "windows-sys",
]

[[package]]
name = "windows-link"
version = "0.2.1"
source = "registry+https://github.com/rust-lang/crates.io-index"
checksum = "f0805222e57f7521d6a62e36fa9163bc891acd422f971defe97d64e70d0a4fe5"

[[package]]
name = "windows-sys"
version = "0.61.2"
source = "registry+https://github.com/rust-lang/crates.io-index"
checksum = "ae137229bcbd6cdf0f7b80a31df61766145077ddf49416a728b02cb3921ff3fc"
dependencies = [
 "windows-link",
]

[[package]]
name = "wit-bindgen"
version = "0.57.1"
source = "registry+https://github.com/rust-lang/crates.io-index"
checksum = "1ebf944e87a7c253233ad6766e082e3cd714b5d03812acc24c318f549614536e"
dependencies = [
 "bitflags",
 "wit-bindgen-rust-macro",
]

[[package]]
name = "wit-bindgen-core"
version = "0.57.1"
source = "registry+https://github.com/rust-lang/crates.io-index"
checksum = "02dee27a2dc20d1008016c742ec9fc6ea498492994ba3750be7454cbc97ff04c"
dependencies = [
 "anyhow",
 "heck",
 "wit-parser 0.247.0",
]

[[package]]
name = "wit-bindgen-rt"
version = "0.44.0"
source = "registry+https://github.com/rust-lang/crates.io-index"
checksum = "653c85dd7aee6fe6f4bded0d242406deadae9819029ce6f7d258c920c384358a"
dependencies = [
 "bitflags",
]

[[package]]
name = "wit-bindgen-rust"
version = "0.57.1"
source = "registry+https://github.com/rust-lang/crates.io-index"
checksum = "b5007dae772945b7a5003d69d90a3a4a78929d41f19d004e980c4259a6af4484"
dependencies = [
 "anyhow",
 "heck",
 "indexmap",
 "prettyplease",
 "syn 2.0.119",
 "wasm-metadata",
 "wit-bindgen-core",
 "wit-component",
]

[[package]]
name = "wit-bindgen-rust-macro"
version = "0.57.1"
source = "registry+https://github.com/rust-lang/crates.io-index"
checksum = "af9237d678e3513ad24e96fe98beacdc0db6405284ba2a2400418cf0d42caa89"
dependencies = [
 "anyhow",
 "macro-string",
 "prettyplease",
 "proc-macro2",
 "quote",
 "syn 2.0.119",
 "wit-bindgen-core",
 "wit-bindgen-rust",
]

[[package]]
name = "wit-component"
version = "0.247.0"
source = "registry+https://github.com/rust-lang/crates.io-index"
checksum = "9d567162a6b9843080e5e0053f696623ff694bae8ae017c9ec536d1873bbe3d8"
dependencies = [
 "anyhow",
 "bitflags",
 "indexmap",
 "log",
 "serde",
 "serde_derive",
 "serde_json",
 "wasm-encoder 0.247.0",
 "wasm-metadata",
 "wasmparser 0.247.0",
 "wit-parser 0.247.0",
]

[[package]]
name = "wit-parser"
version = "0.247.0"
source = "registry+https://github.com/rust-lang/crates.io-index"
checksum = "8ffe4064318cdf3c08cb99343b44c039fcefe61ccdf58aa9975285f13d74d1fc"
dependencies = [
 "anyhow",
 "hashbrown 0.17.1",
 "id-arena",
 "indexmap",
 "log",
 "semver",
 "serde",
 "serde_derive",
 "serde_json",
 "unicode-xid",
 "wasmparser 0.247.0",
]

[[package]]
name = "wit-parser"
version = "0.251.0"
source = "registry+https://github.com/rust-lang/crates.io-index"
checksum = "e960732e824fab95099971a09e638979347c94ca48568d3c854c945729196947"
dependencies = [
 "anyhow",
 "hashbrown 0.17.1",
 "id-arena",
 "indexmap",
 "log",
 "semver",
 "serde",
 "serde_derive",
 "serde_json",
 "unicode-xid",
 "wasmparser 0.251.0",
]

[[package]]
name = "zerocopy"
version = "0.8.55"
source = "registry+https://github.com/rust-lang/crates.io-index"
checksum = "b5a105cd7b140f6eeec8acff2ea38135d3cab283ada58540f629fe51e46696eb"
dependencies = [
 "zerocopy-derive",
]

[[package]]
name = "zerocopy-derive"
version = "0.8.55"
source = "registry+https://github.com/rust-lang/crates.io-index"
checksum = "0fe976fb70c78cd64cccfe3a6fc142244e8a77b70959b30faf9d0ac37ee228eb"
dependencies = [
 "proc-macro2",
 "quote",
 "syn 2.0.119",
]

[[package]]
name = "zeroize"
version = "1.9.0"
source = "registry+https://github.com/rust-lang/crates.io-index"
checksum = "e13c156562582aa81c60cb29407084cdb54c4164760106ab78e6c5b0858cf64e"

[[package]]
name = "zmij"
version = "1.0.23"
source = "registry+https://github.com/rust-lang/crates.io-index"
checksum = "29666d0abbfad1e3dc4dcf6144730dd3a3ab225bbbdac83319345b1b44ccfc1b"
